
Microsoft Visual Studio Solution File, Format Version 12.00
# Visual Studio Version 17
VisualStudioVersion = 17.4.33205.214
MinimumVisualStudioVersion = 10.0.40219.1
Project("{FAE04EC0-301F-11D3-BF4B-00C04F79EFBC}") = "4.Class , struct", "4.Class , struct\4.Class , struct.csproj", "{2C7710AD-AF6B-4BEF-AFC9-E87AE0B569A5}"
EndProject
Global
	GlobalSection(SolutionConfigurationPlatforms) = preSolution
		Debug|Any CPU = Debug|Any CPU
		Release|Any CPU = Release|Any CPU
	EndGlobalSection
	GlobalSection(ProjectConfigurationPlatforms) = postSolution
		{2C7710AD-AF6B-4BEF-AFC9-E87AE0B569A5}.Debug|Any CPU.ActiveCfg = Debug|Any CPU
		{2C7710AD-AF6B-4BEF-AFC9-E87AE0B569A5}.Debug|Any CPU.Build.0 = Debug|Any CPU
		{2C7710AD-AF6B-4BEF-AFC9-E87AE0B569A5}.Release|Any CPU.ActiveCfg = Release|Any CPU
		{2C7710AD-AF6B-4BEF-AFC9-E87AE0B569A5}.Release|Any CPU.Build.0 = Release|Any CPU
	EndGlobalSection
	GlobalSection(SolutionProperties) = preSolution
		HideSolutionNode = FALSE
	EndGlobalSection
	GlobalSection(ExtensibilityGlobals) = postSolution
		SolutionGuid = {42A77B4B-3D6B-4127-AF6B-DE848D2FDD20}
	EndGlobalSection
EndGlobal
